
Microsoft Visual Studio Solution File, Format Version 12.00
# Visual Studio Version 17
VisualStudioVersion = 17.9.34714.143
MinimumVisualStudioVersion = 10.0.40219.1
Project("{FAE04EC0-301F-11D3-BF4B-00C04F79EFBC}") = "Travel_Admin_Panel", "Travel_Admin_Panel\Travel_Admin_Panel.csproj", "{DC0608E7-DBAA-45AD-A24A-11D66FBA6E33}"
EndProject
Global
	GlobalSection(SolutionConfigurationPlatforms) = preSolution
		Debug|Any CPU = Debug|Any CPU
		Release|Any CPU = Release|Any CPU
	EndGlobalSection
	GlobalSection(ProjectConfigurationPlatforms) = postSolution
		{DC0608E7-DBAA-45AD-A24A-11D66FBA6E33}.Debug|Any CPU.ActiveCfg = Debug|Any CPU
		{DC0608E7-DBAA-45AD-A24A-11D66FBA6E33}.Debug|Any CPU.Build.0 = Debug|Any CPU
		{DC0608E7-DBAA-45AD-A24A-11D66FBA6E33}.Release|Any CPU.ActiveCfg = Release|Any CPU
		{DC0608E7-DBAA-45AD-A24A-11D66FBA6E33}.Release|Any CPU.Build.0 = Release|Any CPU
	EndGlobalSection
	GlobalSection(SolutionProperties) = preSolution
		HideSolutionNode = FALSE
	EndGlobalSection
EndGlobal
